
Microsoft Visual Studio Solution File, Format Version 12.00
# Visual Studio Version 17
VisualStudioVersion = 17.4.33110.190
MinimumVisualStudioVersion = 10.0.40219.1
Project("{FAE04EC0-301F-11D3-BF4B-00C04F79EFBC}") = "Hesap_Makinesi", "Hesap_Makinesi\Hesap_Makinesi.csproj", "{1E15B307-7B6F-4042-9D4A-7C6117072CAC}"
EndProject
Global
	GlobalSection(SolutionConfigurationPlatforms) = preSolution
		Debug|Any CPU = Debug|Any CPU
		Release|Any CPU = Release|Any CPU
	EndGlobalSection
	GlobalSection(ProjectConfigurationPlatforms) = postSolution
		{1E15B307-7B6F-4042-9D4A-7C6117072CAC}.Debug|Any CPU.ActiveCfg = Debug|Any CPU
		{1E15B307-7B6F-4042-9D4A-7C6117072CAC}.Debug|Any CPU.Build.0 = Debug|Any CPU
		{1E15B307-7B6F-4042-9D4A-7C6117072CAC}.Release|Any CPU.ActiveCfg = Release|Any CPU
		{1E15B307-7B6F-4042-9D4A-7C6117072CAC}.Release|Any CPU.Build.0 = Release|Any CPU
	EndGlobalSection
	GlobalSection(SolutionProperties) = preSolution
		HideSolutionNode = FALSE
	EndGlobalSection
	GlobalSection(ExtensibilityGlobals) = postSolution
		SolutionGuid = {9EEF84AB-B992-48C2-8D0F-3838ADC0B524}
	EndGlobalSection
EndGlobal
